
Microsoft Visual Studio Solution File, Format Version 12.00
# Visual Studio Version 17
VisualStudioVersion = 17.9.34607.119
MinimumVisualStudioVersion = 10.0.40219.1
Project("{FAE04EC0-301F-11D3-BF4B-00C04F79EFBC}") = "DeepWork", "DeepWork\DeepWork.csproj", "{5DB607B8-ECC0-4CE0-9944-AD03EAFC1762}"
EndProject
Global
	GlobalSection(SolutionConfigurationPlatforms) = preSolution
		Debug|Any CPU = Debug|Any CPU
		Release|Any CPU = Release|Any CPU
	EndGlobalSection
	GlobalSection(ProjectConfigurationPlatforms) = postSolution
		{5DB607B8-ECC0-4CE0-9944-AD03EAFC1762}.Debug|Any CPU.ActiveCfg = Debug|Any CPU
		{5DB607B8-ECC0-4CE0-9944-AD03EAFC1762}.Debug|Any CPU.Build.0 = Debug|Any CPU
		{5DB607B8-ECC0-4CE0-9944-AD03EAFC1762}.Release|Any CPU.ActiveCfg = Release|Any CPU
		{5DB607B8-ECC0-4CE0-9944-AD03EAFC1762}.Release|Any CPU.Build.0 = Release|Any CPU
	EndGlobalSection
	GlobalSection(SolutionProperties) = preSolution
		HideSolutionNode = FALSE
	EndGlobalSection
	GlobalSection(ExtensibilityGlobals) = postSolution
		SolutionGuid = {B953D130-EE37-40EB-986A-C07BE867F4E6}
	EndGlobalSection
EndGlobal
